{
  "name": "koa-mongo-redis",
  "version": "0.1.0",
  "lockfileVersion": 1,
  "requires": true,
  "dependencies": {
    "@types/accepts": {
      "version": "1.3.5",
      "resolved": "http://registry.npm.taobao.org/@types/accepts/download/@types/accepts-1.3.5.tgz",
      "integrity": "sha1-w0vsEVz8dG4E/loFnfTOfns5FXU=",
      "requires": {
        "@types/node": "10.3.2"
      }
    },
    "@types/body-parser": {
      "version": "1.17.0",
      "resolved": "http://registry.npm.taobao.org/@types/body-parser/download/@types/body-parser-1.17.0.tgz",
      "integrity": "sha1-n1ydm9BLtUvjLV65/A2Ml05s9Yw=",
      "requires": {
        "@types/connect": "3.4.32",
        "@types/node": "10.3.2"
      }
    },
    "@types/connect": {
      "version": "3.4.32",
      "resolved": "http://registry.npm.taobao.org/@types/connect/download/@types/connect-3.4.32.tgz",
      "integrity": "sha1-qg6WFrlDXMrQK8UrW0VP/Cxwuig=",
      "requires": {
        "@types/node": "10.3.2"
      }
    },
    "@types/cookies": {
      "version": "0.7.1",
      "resolved": "http://registry.npm.taobao.org/@types/cookies/download/@types/cookies-0.7.1.tgz",
      "integrity": "sha1-+fIEvWdn04nuo7h2CeMMCQx3pUA=",
      "requires": {
        "@types/connect": "3.4.32",
        "@types/express": "4.16.0",
        "@types/keygrip": "1.0.1",
        "@types/node": "10.3.2"
      }
    },
    "@types/eslint": {
      "version": "4.16.2",
      "resolved": "http://registry.npm.taobao.org/@types/eslint/download/@types/eslint-4.16.2.tgz",
      "integrity": "sha1-MPTwJgGet4pu8S8na3XNFuoq+yc=",
      "dev": true,
      "requires": {
        "@types/estree": "0.0.39",
        "@types/json-schema": "6.0.1"
      }
    },
    "@types/estree": {
      "version": "0.0.39",
      "resolved": "http://registry.npm.taobao.org/@types/estree/download/@types/estree-0.0.39.tgz",
      "integrity": "sha1-4Xfmme4bjCLSMXTKqnQiZEOJUJ8=",
      "dev": true
    },
    "@types/events": {
      "version": "1.2.0",
      "resolved": "http://registry.npm.taobao.org/@types/events/download/@types/events-1.2.0.tgz",
      "integrity": "sha1-gaZzHOTfQ2GeXIyUU4Oz5iqJ6oY="
    },
    "@types/express": {
      "version": "4.16.0",
      "resolved": "http://registry.npm.taobao.org/@types/express/download/@types/express-4.16.0.tgz",
      "integrity": "sha1-bYvELMqm81zymit8MzPLR7WjKhk=",
      "requires": {
        "@types/body-parser": "1.17.0",
        "@types/express-serve-static-core": "4.16.0",
        "@types/serve-static": "1.13.2"
      }
    },
    "@types/express-serve-static-core": {
      "version": "4.16.0",
      "resolved": "http://registry.npm.taobao.org/@types/express-serve-static-core/download/@types/express-serve-static-core-4.16.0.tgz",
      "integrity": "sha1-/f53dZTdwf6OuOzM5S4mG0luQ+c=",
      "requires": {
        "@types/events": "1.2.0",
        "@types/node": "10.3.2",
        "@types/range-parser": "1.2.2"
      }
    },
    "@types/http-assert": {
      "version": "1.3.0",
      "resolved": "http://registry.npm.taobao.org/@types/http-assert/download/@types/http-assert-1.3.0.tgz",
      "integrity": "sha1-XpMmBhU9oo4dBPkEP0kSz2H9Vd0="
    },
    "@types/json-schema": {
      "version": "6.0.1",
      "resolved": "http://registry.npm.taobao.org/@types/json-schema/download/@types/json-schema-6.0.1.tgz",
      "integrity": "sha1-p2GXV0bxwbJXnGLjpLXoj5hvfi4=",
      "dev": true
    },
    "@types/keygrip": {
      "version": "1.0.1",
      "resolved": "http://registry.npm.taobao.org/@types/keygrip/download/@types/keygrip-1.0.1.tgz",
      "integrity": "sha1-/1QEYtL7TQqIRBzq8n0oewHD2Hg="
    },
    "@types/koa": {
      "version": "2.0.46",
      "resolved": "http://registry.npm.taobao.org/@types/koa/download/@types/koa-2.0.46.tgz",
      "integrity": "sha1-JLw81AXRD83oH4ds2ChbRNTdw+k=",
      "requires": {
        "@types/accepts": "1.3.5",
        "@types/cookies": "0.7.1",
        "@types/events": "1.2.0",
        "@types/http-assert": "1.3.0",
        "@types/keygrip": "1.0.1",
        "@types/koa-compose": "3.2.2",
        "@types/node": "10.3.2"
      }
    },
    "@types/koa-compose": {
      "version": "3.2.2",
      "resolved": "http://registry.npm.taobao.org/@types/koa-compose/download/@types/koa-compose-3.2.2.tgz",
      "integrity": "sha1-3BBuAAu/kqOskA91bfRzRIh+6Ec="
    },
    "@types/koa-generic-session": {
      "version": "1.0.2",
      "resolved": "http://registry.npm.taobao.org/@types/koa-generic-session/download/@types/koa-generic-session-1.0.2.tgz",
      "integrity": "sha1-lIGtqj0Q9fXNaivJFeaOj4Ot+A8=",
      "requires": {
        "@types/koa": "2.0.46"
      }
    },
    "@types/koa-redis": {
      "version": "3.0.2",
      "resolved": "http://registry.npm.taobao.org/@types/koa-redis/download/@types/koa-redis-3.0.2.tgz",
      "integrity": "sha1-tqlMPO6ppUo/4+mQPeIgwevRyyg=",
      "requires": {
        "@types/koa-generic-session": "1.0.2",
        "@types/redis": "2.8.6"
      }
    },
    "@types/koa-route": {
      "version": "3.2.3",
      "resolved": "http://registry.npm.taobao.org/@types/koa-route/download/@types/koa-route-3.2.3.tgz",
      "integrity": "sha1-7aJ8/UJAIIurzpBbHk4gVbJOUIs=",
      "requires": {
        "@types/koa": "2.0.46",
        "path-to-regexp": "1.7.0"
      }
    },
    "@types/koa-websocket": {
      "version": "2.1.2",
      "resolved": "http://registry.npm.taobao.org/@types/koa-websocket/download/@types/koa-websocket-2.1.2.tgz",
      "integrity": "sha1-ly+lbFPgjZ/BfWPrzPW9dcVlHnQ=",
      "requires": {
        "@types/koa": "2.0.46",
        "@types/ws": "5.1.2"
      }
    },
    "@types/mime": {
      "version": "2.0.0",
      "resolved": "http://registry.npm.taobao.org/@types/mime/download/@types/mime-2.0.0.tgz",
      "integrity": "sha1-WnMG42fFObn2VDSZ3o3VGfrDeos="
    },
    "@types/node": {
      "version": "10.3.2",
      "resolved": "http://registry.npm.taobao.org/@types/node/download/@types/node-10.3.2.tgz",
      "integrity": "sha1-OEDsbBJVb92m4ObQNt+FMQHXMqQ="
    },
    "@types/range-parser": {
      "version": "1.2.2",
      "resolved": "http://registry.npm.taobao.org/@types/range-parser/download/@types/range-parser-1.2.2.tgz",
      "integrity": "sha1-+o4a0dR0aIp1cUDJHebazm9KvI0="
    },
    "@types/redis": {
      "version": "2.8.6",
      "resolved": "http://registry.npm.taobao.org/@types/redis/download/@types/redis-2.8.6.tgz",
      "integrity": "sha1-NnTQehOtdrzNpMN9w5CeTpV1fn4=",
      "requires": {
        "@types/events": "1.2.0",
        "@types/node": "10.3.2"
      }
    },
    "@types/serve-static": {
      "version": "1.13.2",
      "resolved": "http://registry.npm.taobao.org/@types/serve-static/download/@types/serve-static-1.13.2.tgz",
      "integrity": "sha1-9axNemQgqZpqRa9HGfTc2M2Qekg=",
      "requires": {
        "@types/express-serve-static-core": "4.16.0",
        "@types/mime": "2.0.0"
      }
    },
    "@types/ws": {
      "version": "5.1.2",
      "resolved": "http://registry.npm.taobao.org/@types/ws/download/@types/ws-5.1.2.tgz",
      "integrity": "sha1-8C07HNRtt2hnNPPOg730bEnezWQ=",
      "requires": {
        "@types/events": "1.2.0",
        "@types/node": "10.3.2"
      }
    },
    "isarray": {
      "version": "0.0.1",
      "resolved": "http://registry.npm.taobao.org/isarray/download/isarray-0.0.1.tgz",
      "integrity": "sha1-ihis/Kmo9Bd+Cav8YDiTmwXR7t8="
    },
    "path-to-regexp": {
      "version": "1.7.0",
      "resolved": "http://registry.npm.taobao.org/path-to-regexp/download/path-to-regexp-1.7.0.tgz",
      "integrity": "sha1-Wf3g9DW62suhA6hOnTvGTpa5k30=",
      "requires": {
        "isarray": "0.0.1"
      }
    }
  }
}
