{
  "name": "koa-mongo-redis",
  "version": "0.1.0",
  "lockfileVersion": 1,
  "requires": true,
  "dependencies": {
    "@types/accepts": {
      "version": "1.3.5",
      "resolved": "http://registry.npm.taobao.org/@types/accepts/download/@types/accepts-1.3.5.tgz",
      "integrity": "sha1-w0vsEVz8dG4E/loFnfTOfns5FXU=",
      "requires": {
        "@types/node": "10.3.2"
      }
    },
    "@types/body-parser": {
      "version": "1.17.0",
      "resolved": "http://registry.npm.taobao.org/@types/body-parser/download/@types/body-parser-1.17.0.tgz",
      "integrity": "sha1-n1ydm9BLtUvjLV65/A2Ml05s9Yw=",
      "requires": {
        "@types/connect": "3.4.32",
        "@types/node": "10.3.2"
      }
    },
    "@types/connect": {
      "version": "3.4.32",
      "resolved": "http://registry.npm.taobao.org/@types/connect/download/@types/connect-3.4.32.tgz",
      "integrity": "sha1-qg6WFrlDXMrQK8UrW0VP/Cxwuig=",
      "requires": {
        "@types/node": "10.3.2"
      }
    },
    "@types/cookies": {
      "version": "0.7.1",
      "resolved": "http://registry.npm.taobao.org/@types/cookies/download/@types/cookies-0.7.1.tgz",
      "integrity": "sha1-+fIEvWdn04nuo7h2CeMMCQx3pUA=",
      "requires": {
        "@types/connect": "3.4.32",
        "@types/express": "4.16.0",
        "@types/keygrip": "1.0.1",
        "@types/node": "10.3.2"
      }
    },
    "@types/eslint": {
      "version": "4.16.2",
      "resolved": "http://registry.npm.taobao.org/@types/eslint/download/@types/eslint-4.16.2.tgz",
      "integrity": "sha1-MPTwJgGet4pu8S8na3XNFuoq+yc=",
      "dev": true,
      "requires": {
        "@types/estree": "0.0.39",
        "@types/json-schema": "6.0.1"
      }
    },
    "@types/estree": {
      "version": "0.0.39",
      "resolved": "http://registry.npm.taobao.org/@types/estree/download/@types/estree-0.0.39.tgz",
      "integrity": "sha1-4Xfmme4bjCLSMXTKqnQiZEOJUJ8=",
      "dev": true
    },
    "@types/events": {
      "version": "1.2.0",
      "resolved": "http://registry.npm.taobao.org/@types/events/download/@types/events-1.2.0.tgz",
      "integrity": "sha1-gaZzHOTfQ2GeXIyUU4Oz5iqJ6oY="
    },
    "@types/express": {
      "version": "4.16.0",
      "resolved": "http://registry.npm.taobao.org/@types/express/download/@types/express-4.16.0.tgz",
      "integrity": "sha1-bYvELMqm81zymit8MzPLR7WjKhk=",
      "requires": {
        "@types/body-parser": "1.17.0",
        "@types/express-serve-static-core": "4.16.0",
        "@types/serve-static": "1.13.2"
      }
    },
    "@types/express-serve-static-core": {
      "version": "4.16.0",
      "resolved": "http://registry.npm.taobao.org/@types/express-serve-static-core/download/@types/express-serve-static-core-4.16.0.tgz",
      "integrity": "sha1-/f53dZTdwf6OuOzM5S4mG0luQ+c=",
      "requires": {
        "@types/events": "1.2.0",
        "@types/node": "10.3.2",
        "@types/range-parser": "1.2.2"
      }
    },
    "@types/helmet": {
      "version": "0.0.38",
      "resolved": "http://registry.npm.taobao.org/@types/helmet/download/@types/helmet-0.0.38.tgz",
      "integrity": "sha1-iPGXUjdVZZA/dv7MUN2Z7QgTHzU=",
      "requires": {
        "@types/express": "4.16.0"
      }
    },
    "@types/http-assert": {
      "version": "1.3.0",
      "resolved": "http://registry.npm.taobao.org/@types/http-assert/download/@types/http-assert-1.3.0.tgz",
      "integrity": "sha1-XpMmBhU9oo4dBPkEP0kSz2H9Vd0="
    },
    "@types/json-schema": {
      "version": "6.0.1",
      "resolved": "http://registry.npm.taobao.org/@types/json-schema/download/@types/json-schema-6.0.1.tgz",
      "integrity": "sha1-p2GXV0bxwbJXnGLjpLXoj5hvfi4=",
      "dev": true
    },
    "@types/jsonwebtoken": {
      "version": "7.2.7",
      "resolved": "http://registry.npm.taobao.org/@types/jsonwebtoken/download/@types/jsonwebtoken-7.2.7.tgz",
      "integrity": "sha1-XdYuDAoMbyEcPB0T0yI2CJRiW0c=",
      "requires": {
        "@types/node": "10.3.2"
      }
    },
    "@types/keygrip": {
      "version": "1.0.1",
      "resolved": "http://registry.npm.taobao.org/@types/keygrip/download/@types/keygrip-1.0.1.tgz",
      "integrity": "sha1-/1QEYtL7TQqIRBzq8n0oewHD2Hg="
    },
    "@types/koa": {
      "version": "2.0.46",
      "resolved": "http://registry.npm.taobao.org/@types/koa/download/@types/koa-2.0.46.tgz",
      "integrity": "sha1-JLw81AXRD83oH4ds2ChbRNTdw+k=",
      "requires": {
        "@types/accepts": "1.3.5",
        "@types/cookies": "0.7.1",
        "@types/events": "1.2.0",
        "@types/http-assert": "1.3.0",
        "@types/keygrip": "1.0.1",
        "@types/koa-compose": "3.2.2",
        "@types/node": "10.3.2"
      }
    },
    "@types/koa-compose": {
      "version": "3.2.2",
      "resolved": "http://registry.npm.taobao.org/@types/koa-compose/download/@types/koa-compose-3.2.2.tgz",
      "integrity": "sha1-3BBuAAu/kqOskA91bfRzRIh+6Ec="
    },
    "@types/koa-generic-session": {
      "version": "1.0.2",
      "resolved": "http://registry.npm.taobao.org/@types/koa-generic-session/download/@types/koa-generic-session-1.0.2.tgz",
      "integrity": "sha1-lIGtqj0Q9fXNaivJFeaOj4Ot+A8=",
      "requires": {
        "@types/koa": "2.0.46"
      }
    },
    "@types/koa-helmet": {
      "version": "3.1.2",
      "resolved": "http://registry.npm.taobao.org/@types/koa-helmet/download/@types/koa-helmet-3.1.2.tgz",
      "integrity": "sha1-sdou/w2sLZWIbu4fPmu/tTna+k8=",
      "requires": {
        "@types/helmet": "0.0.38",
        "@types/koa": "2.0.46"
      }
    },
    "@types/koa-jwt": {
      "version": "3.3.0",
      "resolved": "http://registry.npm.taobao.org/@types/koa-jwt/download/@types/koa-jwt-3.3.0.tgz",
      "integrity": "sha1-sw/oqWu+GuxEzW2iTZHylj5i478=",
      "requires": {
        "koa-jwt": "3.3.2"
      },
      "dependencies": {
        "koa-jwt": {
          "version": "3.3.2",
          "resolved": "http://registry.npm.taobao.org/koa-jwt/download/koa-jwt-3.3.2.tgz",
          "integrity": "sha1-JNlVhJ4YBLx0GEMvCNmAoPOwYf0=",
          "requires": {
            "jsonwebtoken": "8.0.0",
            "koa-unless": "1.0.0"
          }
        }
      }
    },
    "@types/koa-redis": {
      "version": "3.0.2",
      "resolved": "http://registry.npm.taobao.org/@types/koa-redis/download/@types/koa-redis-3.0.2.tgz",
      "integrity": "sha1-tqlMPO6ppUo/4+mQPeIgwevRyyg=",
      "requires": {
        "@types/koa-generic-session": "1.0.2",
        "@types/redis": "2.8.6"
      }
    },
    "@types/koa-route": {
      "version": "3.2.3",
      "resolved": "http://registry.npm.taobao.org/@types/koa-route/download/@types/koa-route-3.2.3.tgz",
      "integrity": "sha1-7aJ8/UJAIIurzpBbHk4gVbJOUIs=",
      "requires": {
        "@types/koa": "2.0.46",
        "path-to-regexp": "1.7.0"
      }
    },
    "@types/koa-websocket": {
      "version": "2.1.2",
      "resolved": "http://registry.npm.taobao.org/@types/koa-websocket/download/@types/koa-websocket-2.1.2.tgz",
      "integrity": "sha1-ly+lbFPgjZ/BfWPrzPW9dcVlHnQ=",
      "requires": {
        "@types/koa": "2.0.46",
        "@types/ws": "5.1.2"
      }
    },
    "@types/mime": {
      "version": "2.0.0",
      "resolved": "http://registry.npm.taobao.org/@types/mime/download/@types/mime-2.0.0.tgz",
      "integrity": "sha1-WnMG42fFObn2VDSZ3o3VGfrDeos="
    },
    "@types/node": {
      "version": "10.3.2",
      "resolved": "http://registry.npm.taobao.org/@types/node/download/@types/node-10.3.2.tgz",
      "integrity": "sha1-OEDsbBJVb92m4ObQNt+FMQHXMqQ="
    },
    "@types/pinyin": {
      "version": "2.8.0",
      "resolved": "http://registry.npm.taobao.org/@types/pinyin/download/@types/pinyin-2.8.0.tgz",
      "integrity": "sha1-xQ+2uoZFqZoRfJD4W182psL0YGE="
    },
    "@types/range-parser": {
      "version": "1.2.2",
      "resolved": "http://registry.npm.taobao.org/@types/range-parser/download/@types/range-parser-1.2.2.tgz",
      "integrity": "sha1-+o4a0dR0aIp1cUDJHebazm9KvI0="
    },
    "@types/redis": {
      "version": "2.8.6",
      "resolved": "http://registry.npm.taobao.org/@types/redis/download/@types/redis-2.8.6.tgz",
      "integrity": "sha1-NnTQehOtdrzNpMN9w5CeTpV1fn4=",
      "requires": {
        "@types/events": "1.2.0",
        "@types/node": "10.3.2"
      }
    },
    "@types/serve-static": {
      "version": "1.13.2",
      "resolved": "http://registry.npm.taobao.org/@types/serve-static/download/@types/serve-static-1.13.2.tgz",
      "integrity": "sha1-9axNemQgqZpqRa9HGfTc2M2Qekg=",
      "requires": {
        "@types/express-serve-static-core": "4.16.0",
        "@types/mime": "2.0.0"
      }
    },
    "@types/ws": {
      "version": "5.1.2",
      "resolved": "http://registry.npm.taobao.org/@types/ws/download/@types/ws-5.1.2.tgz",
      "integrity": "sha1-8C07HNRtt2hnNPPOg730bEnezWQ=",
      "requires": {
        "@types/events": "1.2.0",
        "@types/node": "10.3.2"
      }
    },
    "buffer-equal-constant-time": {
      "version": "1.0.1",
      "resolved": "http://registry.npm.taobao.org/buffer-equal-constant-time/download/buffer-equal-constant-time-1.0.1.tgz",
      "integrity": "sha1-+OcRMvf/5uAaXJaXpMbz5I1cyBk="
    },
    "ecdsa-sig-formatter": {
      "version": "1.0.10",
      "resolved": "http://registry.npm.taobao.org/ecdsa-sig-formatter/download/ecdsa-sig-formatter-1.0.10.tgz",
      "integrity": "sha1-HFlQAPBKiJffuFAAiSoPTDOvhsM=",
      "requires": {
        "safe-buffer": "5.1.2"
      }
    },
    "isarray": {
      "version": "0.0.1",
      "resolved": "http://registry.npm.taobao.org/isarray/download/isarray-0.0.1.tgz",
      "integrity": "sha1-ihis/Kmo9Bd+Cav8YDiTmwXR7t8="
    },
    "jsonwebtoken": {
      "version": "8.0.0",
      "resolved": "http://registry.npm.taobao.org/jsonwebtoken/download/jsonwebtoken-8.0.0.tgz",
      "integrity": "sha1-eyQapnxhs9Cz5kElSppvW2b1UOg=",
      "requires": {
        "jws": "3.1.5",
        "lodash.includes": "4.3.0",
        "lodash.isarray": "4.0.0",
        "lodash.isboolean": "3.0.3",
        "lodash.isinteger": "4.0.4",
        "lodash.isnumber": "3.0.3",
        "lodash.isplainobject": "4.0.6",
        "lodash.isstring": "4.0.1",
        "lodash.once": "4.1.1",
        "ms": "2.1.1",
        "xtend": "4.0.1"
      }
    },
    "jwa": {
      "version": "1.1.6",
      "resolved": "http://registry.npm.taobao.org/jwa/download/jwa-1.1.6.tgz",
      "integrity": "sha1-hyQOdsmAjb3hh4PPImTvSSnuUOY=",
      "requires": {
        "buffer-equal-constant-time": "1.0.1",
        "ecdsa-sig-formatter": "1.0.10",
        "safe-buffer": "5.1.2"
      }
    },
    "jws": {
      "version": "3.1.5",
      "resolved": "http://registry.npm.taobao.org/jws/download/jws-3.1.5.tgz",
      "integrity": "sha1-gNEtBbKT0ehB58uLTmnlYa3Pg08=",
      "requires": {
        "jwa": "1.1.6",
        "safe-buffer": "5.1.2"
      }
    },
    "koa-unless": {
      "version": "1.0.0",
      "resolved": "http://registry.npm.taobao.org/koa-unless/download/koa-unless-1.0.0.tgz",
      "integrity": "sha1-WqVzhLyIJWivyQrASFKj1YZYrus="
    },
    "lodash.includes": {
      "version": "4.3.0",
      "resolved": "http://registry.npm.taobao.org/lodash.includes/download/lodash.includes-4.3.0.tgz",
      "integrity": "sha1-YLuYqHy5I8aMoeUTJUgzFISfVT8="
    },
    "lodash.isarray": {
      "version": "4.0.0",
      "resolved": "http://registry.npm.taobao.org/lodash.isarray/download/lodash.isarray-4.0.0.tgz",
      "integrity": "sha1-KspJayjEym1yZxUxNZDALm6jRAM="
    },
    "lodash.isboolean": {
      "version": "3.0.3",
      "resolved": "http://registry.npm.taobao.org/lodash.isboolean/download/lodash.isboolean-3.0.3.tgz",
      "integrity": "sha1-bC4XHbKiV82WgC/UOwGyDV9YcPY="
    },
    "lodash.isinteger": {
      "version": "4.0.4",
      "resolved": "http://registry.npm.taobao.org/lodash.isinteger/download/lodash.isinteger-4.0.4.tgz",
      "integrity": "sha1-YZwK89A/iwTDH1iChAt3sRzWg0M="
    },
    "lodash.isnumber": {
      "version": "3.0.3",
      "resolved": "http://registry.npm.taobao.org/lodash.isnumber/download/lodash.isnumber-3.0.3.tgz",
      "integrity": "sha1-POdoEMWSjQM1IwGsKHMX8RwLH/w="
    },
    "lodash.isplainobject": {
      "version": "4.0.6",
      "resolved": "http://registry.npm.taobao.org/lodash.isplainobject/download/lodash.isplainobject-4.0.6.tgz",
      "integrity": "sha1-fFJqUtibRcRcxpC4gWO+BJf1UMs="
    },
    "lodash.isstring": {
      "version": "4.0.1",
      "resolved": "http://registry.npm.taobao.org/lodash.isstring/download/lodash.isstring-4.0.1.tgz",
      "integrity": "sha1-1SfftUVuynzJu5XV2ur4i6VKVFE="
    },
    "lodash.once": {
      "version": "4.1.1",
      "resolved": "http://registry.npm.taobao.org/lodash.once/download/lodash.once-4.1.1.tgz",
      "integrity": "sha1-DdOXEhPHxW34gJd9UEyI+0cal6w="
    },
    "ms": {
      "version": "2.1.1",
      "resolved": "http://registry.npm.taobao.org/ms/download/ms-2.1.1.tgz",
      "integrity": "sha1-MKWGTrPrsKZvLr5tcnrwagnYbgo="
    },
    "path-to-regexp": {
      "version": "1.7.0",
      "resolved": "http://registry.npm.taobao.org/path-to-regexp/download/path-to-regexp-1.7.0.tgz",
      "integrity": "sha1-Wf3g9DW62suhA6hOnTvGTpa5k30=",
      "requires": {
        "isarray": "0.0.1"
      }
    },
    "safe-buffer": {
      "version": "5.1.2",
      "resolved": "http://registry.npm.taobao.org/safe-buffer/download/safe-buffer-5.1.2.tgz",
      "integrity": "sha1-mR7GnSluAxN0fVm9/St0XDX4go0="
    },
    "xtend": {
      "version": "4.0.1",
      "resolved": "http://registry.npm.taobao.org/xtend/download/xtend-4.0.1.tgz",
      "integrity": "sha1-pcbVMr5lbiPbgg77lDofBJmNY68="
    }
  }
}
